
Microsoft Visual Studio Solution File, Format Version 12.00
Project("{FAE04EC0-301F-11D3-BF4B-00C04F79EFBC}") = "AzureTestWebApp", "AzureTestWebApp\AzureTestWebApp.csproj", "{0AB61BE3-CAAC-443A-8854-2B0C82A8AC92}"
EndProject
Global
	GlobalSection(SolutionConfigurationPlatforms) = preSolution
		Debug|Any CPU = Debug|Any CPU
		Release|Any CPU = Release|Any CPU
	EndGlobalSection
	GlobalSection(ProjectConfigurationPlatforms) = postSolution
		{0AB61BE3-CAAC-443A-8854-2B0C82A8AC92}.Debug|Any CPU.ActiveCfg = Debug|Any CPU
		{0AB61BE3-CAAC-443A-8854-2B0C82A8AC92}.Debug|Any CPU.Build.0 = Debug|Any CPU
		{0AB61BE3-CAAC-443A-8854-2B0C82A8AC92}.Release|Any CPU.ActiveCfg = Release|Any CPU
		{0AB61BE3-CAAC-443A-8854-2B0C82A8AC92}.Release|Any CPU.Build.0 = Release|Any CPU
	EndGlobalSection
EndGlobal
